
Microsoft Visual Studio Solution File, Format Version 12.00
# Visual Studio Version 16
VisualStudioVersion = 16.0.30804.86
MinimumVisualStudioVersion = 10.0.40219.1
Project("{9A19103F-16F7-4668-BE54-9A1E7A4F7556}") = "PasswordHashGenerator.Client", "Client\PasswordHashGenerator.Client.csproj", "{E5B46454-6CBF-41BA-895D-09C20082D2D0}"
EndProject
Project("{9A19103F-16F7-4668-BE54-9A1E7A4F7556}") = "PasswordHashGenerator.Shared", "Shared\PasswordHashGenerator.Shared.csproj", "{A2E00669-5B81-4C4F-BB74-E3F68C841444}"
EndProject
Project("{FAE04EC0-301F-11D3-BF4B-00C04F79EFBC}") = "PasswordHashGenerator.Test", "Test\PasswordHashGenerator.Test.csproj", "{A779961A-0C08-47BE-8A35-29828E8B102E}"
EndProject
Global
	GlobalSection(SolutionConfigurationPlatforms) = preSolution
		Debug|Any CPU = Debug|Any CPU
		Release|Any CPU = Release|Any CPU
	EndGlobalSection
	GlobalSection(ProjectConfigurationPlatforms) = postSolution
		{E5B46454-6CBF-41BA-895D-09C20082D2D0}.Debug|Any CPU.ActiveCfg = Debug|Any CPU
		{E5B46454-6CBF-41BA-895D-09C20082D2D0}.Debug|Any CPU.Build.0 = Debug|Any CPU
		{E5B46454-6CBF-41BA-895D-09C20082D2D0}.Release|Any CPU.ActiveCfg = Release|Any CPU
		{E5B46454-6CBF-41BA-895D-09C20082D2D0}.Release|Any CPU.Build.0 = Release|Any CPU
		{A2E00669-5B81-4C4F-BB74-E3F68C841444}.Debug|Any CPU.ActiveCfg = Debug|Any CPU
		{A2E00669-5B81-4C4F-BB74-E3F68C841444}.Debug|Any CPU.Build.0 = Debug|Any CPU
		{A2E00669-5B81-4C4F-BB74-E3F68C841444}.Release|Any CPU.ActiveCfg = Release|Any CPU
		{A2E00669-5B81-4C4F-BB74-E3F68C841444}.Release|Any CPU.Build.0 = Release|Any CPU
		{A779961A-0C08-47BE-8A35-29828E8B102E}.Debug|Any CPU.ActiveCfg = Debug|Any CPU
		{A779961A-0C08-47BE-8A35-29828E8B102E}.Debug|Any CPU.Build.0 = Debug|Any CPU
		{A779961A-0C08-47BE-8A35-29828E8B102E}.Release|Any CPU.ActiveCfg = Release|Any CPU
		{A779961A-0C08-47BE-8A35-29828E8B102E}.Release|Any CPU.Build.0 = Release|Any CPU
	EndGlobalSection
	GlobalSection(SolutionProperties) = preSolution
		HideSolutionNode = FALSE
	EndGlobalSection
	GlobalSection(ExtensibilityGlobals) = postSolution
		SolutionGuid = {A7D7D7DB-482D-4311-8FBD-D29B53FC58BD}
	EndGlobalSection
	GlobalSection(AutomaticVersions) = postSolution
		UpdateAssemblyVersion = True
		UpdateAssemblyFileVersion = True
		UpdateAssemblyInfoVersion = True
		AssemblyVersionSettings = None.YearMonth.DayStamp.TimeStamp
		AssemblyFileVersionSettings = None.YearMonth.DayStamp.TimeStamp
		AssemblyInfoVersionSettings = None.YearMonth.DayStamp.TimeStamp
		UpdatePackageVersion = False
		AssemblyInfoVersionType = SettingsVersion
		InheritWinAppVersionFrom = None
	EndGlobalSection
EndGlobal
